<Solution>
  <Folder Name="/.github/" />
  <Folder Name="/.github/scripts/">
    <File Path=".github/scripts/review-pr.mjs" />
  </Folder>
  <Folder Name="/.github/workflows/">
    <File Path=".github/workflows/ai-pr-review.yml" />
  </Folder>
  <Project Path="backend/VivatoTemplate.Api/VivatoTemplate.Api.csproj" />
  <Project Path="frontend/VivatoTemplate.Web.esproj">
    <Build />
    <Deploy />
  </Project>
</Solution>
