<Solution>
  <Folder Name="/Solution Items/">
    <File Path=".github/scripts/review-pr.mjs" />
    <File Path="package.json" />
  </Folder>
  <Project Path="backend/VivatoTemplate.Api/VivatoTemplate.Api.csproj" />
  <Project Path="frontend/VivatoTemplate.Web.esproj">
    <Build />
    <Deploy />
  </Project>
</Solution>
