# This file is generated by running "yarn install" inside your project.
# Manual changes might be lost - proceed with caution!

__metadata:
  version: 8
  cacheKey: 10c0

"openai@npm:^6.5.0":
  version: 6.31.0
  resolution: "openai@npm:6.31.0"
  peerDependencies:
    ws: ^8.18.0
    zod: ^3.25 || ^4.0
  peerDependenciesMeta:
    ws:
      optional: true
    zod:
      optional: true
  bin:
    openai: bin/cli
  checksum: 10c0/54ecc23743665c5c8a2c67a0961f903aa16491c9b954b5e514f95fcfec10edffac81cc989f45ac48a438f3638b4f7cd667afb7d5c70cc4593d99833b776304d2
  languageName: node
  linkType: hard

"vivato-template-automation@workspace:.":
  version: 0.0.0-use.local
  resolution: "vivato-template-automation@workspace:."
  dependencies:
    openai: "npm:^6.5.0"
  languageName: unknown
  linkType: soft
